# @generated - this file is auto-generated by `mise lock` https://mise.jdx.dev/dev-tools/mise-lock.html

lockfile_version = 1

[[tools."aqua:astral-sh/uv"]]
version = "0.12.18"
backend = "aqua:astral-sh/uv"
specifiers = ["0.12.18"]

[tools."aqua:astral-sh/uv"."platforms.linux-arm64"]
checksum = "sha256:afb6291f3f0a6b4521fc67b947822506c41dde5b60d2189dd8f3695b2ac8c9e7"
url = "https://github.com/astral-sh/uv/releases/download/0.12.18/uv-aarch64-unknown-linux-gnu.tar.gz"
url_api = "https://api.github.com/repos/astral-sh/uv/releases/assets/582430569"
provenance = "github-attestations"

[tools."aqua:astral-sh/uv"."platforms.linux-arm64-musl"]
checksum = "sha256:0796973fb3eea8095078c3d0659bd17a5f6789a71b8dd85caff2483178f78ac3"
url = "https://github.com/astral-sh/uv/releases/download/0.12.18/uv-aarch64-unknown-linux-musl.tar.gz"
url_api = "https://api.github.com/repos/astral-sh/uv/releases/assets/582430577"
provenance = "github-attestations"

[tools."aqua:astral-sh/uv"."platforms.linux-x64"]
checksum = "sha256:89eadd7c76fc063887959510d5ba0ab1264dfd5f1143b925ddb73021a40acf16"
url = "https://github.com/astral-sh/uv/releases/download/0.12.18/uv-x86_64-unknown-linux-gnu.tar.gz"
url_api = "https://api.github.com/repos/astral-sh/uv/releases/assets/582430671"
provenance = "github-attestations"

[tools."aqua:astral-sh/uv"."platforms.linux-x64-musl"]
checksum = "sha256:e38d97460b98ebfd31b197de0fe9fa578add4bc8ba0179b203dd3f87b99f98e6"
url = "https://github.com/astral-sh/uv/releases/download/0.12.18/uv-x86_64-unknown-linux-musl.tar.gz"
url_api = "https://api.github.com/repos/astral-sh/uv/releases/assets/582430675"
provenance = "github-attestations"

[tools."aqua:astral-sh/uv"."platforms.macos-arm64"]
checksum = "sha256:cf40e0c6a202190ccd9e0406dcfdd5b2d6668a9a5c779b17948963df32aafe5b"
url = "https://github.com/astral-sh/uv/releases/download/0.12.18/uv-aarch64-apple-darwin.tar.gz"
url_api = "https://api.github.com/repos/astral-sh/uv/releases/assets/582430554"
provenance = "github-attestations"

[tools."aqua:astral-sh/uv"."platforms.macos-x64"]
checksum = "sha256:2e4108f5395397c8bc5d43bf83d3bdbb2d0e92b90d0efa607756be704905fa33"
url = "https://github.com/astral-sh/uv/releases/download/0.12.18/uv-x86_64-apple-darwin.tar.gz"
url_api = "https://api.github.com/repos/astral-sh/uv/releases/assets/582430660"
provenance = "github-attestations"

[tools."aqua:astral-sh/uv"."platforms.windows-x64"]
checksum = "sha256:cae6a3bc25239f83dffb467a4b180508d9da23986c04639ebfa44e43e6a84bff"
url = "https://github.com/astral-sh/uv/releases/download/0.12.18/uv-x86_64-pc-windows-msvc.zip"
url_api = "https://api.github.com/repos/astral-sh/uv/releases/assets/582430665"
provenance = "github-attestations"

[[tools."aqua:dprint/dprint"]]
version = "0.57.4"
backend = "aqua:dprint/dprint"
specifiers = ["0.57.4"]

[tools."aqua:dprint/dprint"."platforms.linux-arm64"]
checksum = "sha256:ff961314e7c1ca6a02eaada0e37920a37c668fbc09fd85838c2aced41a4bc0e4"
url = "https://github.com/dprint/dprint/releases/download/0.57.4/dprint-aarch64-unknown-linux-gnu.zip"
url_api = "https://api.github.com/repos/dprint/dprint/releases/assets/546351169"

[tools."aqua:dprint/dprint"."platforms.linux-arm64-musl"]
checksum = "sha256:e1b713806f7f7b94072ba2b069aa19ac28f475dbb1fbc5b672d3030a2ab001ee"
url = "https://github.com/dprint/dprint/releases/download/0.57.4/dprint-aarch64-unknown-linux-musl.zip"
url_api = "https://api.github.com/repos/dprint/dprint/releases/assets/546351166"

[tools."aqua:dprint/dprint"."platforms.linux-x64"]
checksum = "sha256:1d26357d8bc66898d4ecc7dafca3d2971cfe222ba487228bd2ce5c3b3a309c33"
url = "https://github.com/dprint/dprint/releases/download/0.57.4/dprint-x86_64-unknown-linux-gnu.zip"
url_api = "https://api.github.com/repos/dprint/dprint/releases/assets/546351175"

[tools."aqua:dprint/dprint"."platforms.linux-x64-musl"]
checksum = "sha256:03f3e8002f9d952bf53325fc8853686d2e8808b9e5b652b215600ba147e73a5c"
url = "https://github.com/dprint/dprint/releases/download/0.57.4/dprint-x86_64-unknown-linux-musl.zip"
url_api = "https://api.github.com/repos/dprint/dprint/releases/assets/546351170"

[tools."aqua:dprint/dprint"."platforms.macos-arm64"]
checksum = "sha256:f9e752812791f258e89ff88a7affd05c793b0db3d929718651eae7df5f19eb2e"
url = "https://github.com/dprint/dprint/releases/download/0.57.4/dprint-aarch64-apple-darwin.zip"
url_api = "https://api.github.com/repos/dprint/dprint/releases/assets/546351171"

[tools."aqua:dprint/dprint"."platforms.macos-x64"]
checksum = "sha256:8978bd5d9a564ec19472545fb853da9ec468e024e75d39c3a9df9fd5750ecdfd"
url = "https://github.com/dprint/dprint/releases/download/0.57.4/dprint-x86_64-apple-darwin.zip"
url_api = "https://api.github.com/repos/dprint/dprint/releases/assets/546351172"

[tools."aqua:dprint/dprint"."platforms.windows-x64"]
checksum = "sha256:1038af32fade7a79f9c3a690d9546bb17be13dd7b4568a3684692fdcb0a52a1d"
url = "https://github.com/dprint/dprint/releases/download/0.57.4/dprint-x86_64-pc-windows-msvc.zip"
url_api = "https://api.github.com/repos/dprint/dprint/releases/assets/546351162"

[[tools."aqua:jdx/hk"]]
version = "2.2.0"
backend = "aqua:jdx/hk"
specifiers = ["2.2.0"]

[tools."aqua:jdx/hk"."platforms.linux-arm64"]
checksum = "sha256:8f6f86adae8d9b40ce47815af1b7a2f43a5b02d8abda7a831c8fcb9d5619e878"
url = "https://github.com/jdx/hk/releases/download/v2.2.0/hk-aarch64-unknown-linux-gnu.tar.gz"
url_api = "https://api.github.com/repos/jdx/hk/releases/assets/587160956"

[tools."aqua:jdx/hk"."platforms.linux-arm64-musl"]
checksum = "sha256:7914940ab8ebbdfcda2a4315e9efbc419d1c65828d26be04310362649aa47162"
url = "https://github.com/jdx/hk/releases/download/v2.2.0/hk-aarch64-unknown-linux-musl.tar.gz"
url_api = "https://api.github.com/repos/jdx/hk/releases/assets/587160958"

[tools."aqua:jdx/hk"."platforms.linux-x64"]
checksum = "sha256:ffb90603d1aeb6c545ff64087372c136d46bb6d820164d63b352b1c189f40053"
url = "https://github.com/jdx/hk/releases/download/v2.2.0/hk-x86_64-unknown-linux-gnu.tar.gz"
url_api = "https://api.github.com/repos/jdx/hk/releases/assets/587160975"

[tools."aqua:jdx/hk"."platforms.linux-x64-musl"]
checksum = "sha256:bf359f72335b99c872d7de28ccdd51cea2e5311c9200414a2409d5bfcd06c595"
url = "https://github.com/jdx/hk/releases/download/v2.2.0/hk-x86_64-unknown-linux-musl.tar.gz"
url_api = "https://api.github.com/repos/jdx/hk/releases/assets/587160979"

[tools."aqua:jdx/hk"."platforms.macos-arm64"]
checksum = "sha256:82da7ae00554222568ea4115939e13fca640c2fae426ea828176b5b08ea45f68"
url = "https://github.com/jdx/hk/releases/download/v2.2.0/hk-aarch64-apple-darwin.tar.gz"
url_api = "https://api.github.com/repos/jdx/hk/releases/assets/587160957"

[tools."aqua:jdx/hk"."platforms.windows-x64"]
checksum = "sha256:f265c9cadfbb2ded37328f7248dc5879804b5e460746bab5039765ee0e23eaf2"
url = "https://github.com/jdx/hk/releases/download/v2.2.0/hk-x86_64-pc-windows-msvc.zip"
url_api = "https://api.github.com/repos/jdx/hk/releases/assets/587160954"

[[tools."github:convco/convco"]]
version = "0.7.2"
backend = "github:convco/convco"
specifiers = ["0.7.2"]

[tools."github:convco/convco"."platforms.linux-arm64"]
checksum = "sha256:7a4523573a81d24f37aa4d22aa26d8a3083188422213efe0274a7fbbd840c741"
url = "https://github.com/convco/convco/releases/download/v0.7.2/convco-aarch64-unknown-linux-musl.tar.gz"
url_api = "https://api.github.com/repos/convco/convco/releases/assets/543270771"

[tools."github:convco/convco"."platforms.linux-arm64-musl"]
checksum = "sha256:7a4523573a81d24f37aa4d22aa26d8a3083188422213efe0274a7fbbd840c741"
url = "https://github.com/convco/convco/releases/download/v0.7.2/convco-aarch64-unknown-linux-musl.tar.gz"
url_api = "https://api.github.com/repos/convco/convco/releases/assets/543270771"

[tools."github:convco/convco"."platforms.linux-x64"]
checksum = "sha256:f9cfad24af372018f4b8d430cf86d1b7b9b36fcb7e1db5dd30c54b2eed7dde75"
url = "https://github.com/convco/convco/releases/download/v0.7.2/convco-x86_64-unknown-linux-musl.tar.gz"
url_api = "https://api.github.com/repos/convco/convco/releases/assets/543270814"

[tools."github:convco/convco"."platforms.linux-x64-musl"]
checksum = "sha256:f9cfad24af372018f4b8d430cf86d1b7b9b36fcb7e1db5dd30c54b2eed7dde75"
url = "https://github.com/convco/convco/releases/download/v0.7.2/convco-x86_64-unknown-linux-musl.tar.gz"
url_api = "https://api.github.com/repos/convco/convco/releases/assets/543270814"

[tools."github:convco/convco"."platforms.macos-arm64"]
checksum = "sha256:cbf86082b5c87254afc333a5353c4b359f09b83488c9250a161cf1caae811884"
url = "https://github.com/convco/convco/releases/download/v0.7.2/convco-aarch64-apple-darwin.tar.gz"
url_api = "https://api.github.com/repos/convco/convco/releases/assets/543270776"

[tools."github:convco/convco"."platforms.windows-x64"]
checksum = "sha256:a565c9211a589285621f4167dd6eabf36c4093c9acc11d5488758e93c135f69a"
url = "https://github.com/convco/convco/releases/download/v0.7.2/convco-x86_64-pc-windows-msvc.tar.gz"
url_api = "https://api.github.com/repos/convco/convco/releases/assets/543270801"

[[tools.node]]
version = "24.21.0"
backend = "core:node"
specifiers = ["24.21.0"]

[tools.node."platforms.linux-arm64"]
checksum = "sha256:724282c3b43aec998aa9527380465b45d229e021b58035f5f4f63095eabfe5d5"
url = "https://nodejs.org/dist/v24.21.0/node-v24.21.0-linux-arm64.tar.gz"

[tools.node."platforms.linux-arm64-musl"]
checksum = "sha256:3048b0811e158ca0d8672b59c839861763e144492980d8d29b369dfee45747e4"
url = "https://unofficial-builds.nodejs.org/download/release/v24.21.0/node-v24.21.0-linux-arm64-musl.tar.gz"

[tools.node."platforms.linux-x64"]
checksum = "sha256:6e1db87ef58b8819e5d5402eff1536491b18edd8eb7bee5ef7897876e88dc5ff"
url = "https://nodejs.org/dist/v24.21.0/node-v24.21.0-linux-x64.tar.gz"

[tools.node."platforms.linux-x64-musl"]
checksum = "sha256:01a713e34da98e7b4d2a3191ee7ca3f93dd0384d1a2ef23c379b2161ee6e133a"
url = "https://unofficial-builds.nodejs.org/download/release/v24.21.0/node-v24.21.0-linux-x64-musl.tar.gz"

[tools.node."platforms.macos-arm64"]
checksum = "sha256:bed7eea5325e1108f32ce5228ddd6a5f0f08a499ee42aa7442aea583702f6057"
url = "https://nodejs.org/dist/v24.21.0/node-v24.21.0-darwin-arm64.tar.gz"

[tools.node."platforms.macos-x64"]
checksum = "sha256:1462cb3b3046b815cf8ea436d3da450ec1a9f11dac7e5a46b0ada5305d7e8097"
url = "https://nodejs.org/dist/v24.21.0/node-v24.21.0-darwin-x64.tar.gz"

[tools.node."platforms.windows-x64"]
checksum = "sha256:158f7685b44de51f6c0df1d153526cbcd3e1bc739a8dfc607721cef75de9e541"
url = "https://nodejs.org/dist/v24.21.0/node-v24.21.0-win-x64.zip"

[[tools.python]]
version = "3.14.7"
backend = "core:python"
specifiers = ["3.14.7"]

[tools.python."platforms.linux-arm64"]
checksum = "sha256:8a0798baa8a2c27b5751d590aced543eaa85e20b3f73d93c1af049688acdc9c5"
url = "https://github.com/astral-sh/python-build-standalone/releases/download/20260901/cpython-3.14.7+20260901-aarch64-unknown-linux-gnu-install_only_stripped.tar.gz"
provenance = "github-attestations"

[tools.python."platforms.linux-arm64-musl"]
checksum = "sha256:701c31d72187242302922a29f3bc6023ceb68b6b68fb8d4ed7568d1e6ef34548"
url = "https://github.com/astral-sh/python-build-standalone/releases/download/20260901/cpython-3.14.7+20260901-aarch64-unknown-linux-musl-install_only_stripped.tar.gz"
provenance = "github-attestations"

[tools.python."platforms.linux-x64"]
checksum = "sha256:3959f92825141e04adf44982d3a83ee57af0877e893b0796e04c1468749d9b04"
url = "https://github.com/astral-sh/python-build-standalone/releases/download/20260901/cpython-3.14.7+20260901-x86_64-unknown-linux-gnu-install_only_stripped.tar.gz"
provenance = "github-attestations"

[tools.python."platforms.linux-x64-musl"]
checksum = "sha256:c773f8a7357c0d1a29e208a14bc16386731ca9c0d2e51f1b6741967fb0632cdc"
url = "https://github.com/astral-sh/python-build-standalone/releases/download/20260901/cpython-3.14.7+20260901-x86_64-unknown-linux-musl-install_only_stripped.tar.gz"
provenance = "github-attestations"

[tools.python."platforms.macos-arm64"]
checksum = "sha256:4632cb1a6edad9e73d3c81b6d2e69131637d995173e3e85005df14102b0592ba"
url = "https://github.com/astral-sh/python-build-standalone/releases/download/20260901/cpython-3.14.7+20260901-aarch64-apple-darwin-install_only_stripped.tar.gz"
provenance = "github-attestations"

[tools.python."platforms.macos-x64"]
checksum = "sha256:7e151a7c9028855b61a7d6e78381f2020a1ef185281399f3b1aafc5e1c9a1a64"
url = "https://github.com/astral-sh/python-build-standalone/releases/download/20260901/cpython-3.14.7+20260901-x86_64-apple-darwin-install_only_stripped.tar.gz"
provenance = "github-attestations"

[tools.python."platforms.windows-x64"]
checksum = "sha256:ca3c33ca924dfcab3b74205a7a58a88b0255135c53f95497b26b5e60700fd66d"
url = "https://github.com/astral-sh/python-build-standalone/releases/download/20260901/cpython-3.14.7+20260901-x86_64-pc-windows-msvc-install_only_stripped.tar.gz"
provenance = "github-attestations"

[[tools.ruff]]
version = "0.16.8"
backend = "aqua:astral-sh/ruff"
specifiers = ["0.16.8"]

[tools.ruff."platforms.linux-arm64"]
checksum = "sha256:8ff18ee07d6ed3cfbd05fdc9012646a79482c00045dbcbf32416ef8f14ab1f7e"
url = "https://github.com/astral-sh/ruff/releases/download/0.16.8/ruff-aarch64-unknown-linux-gnu.tar.gz"
url_api = "https://api.github.com/repos/astral-sh/ruff/releases/assets/568294361"
provenance = "github-attestations"

[tools.ruff."platforms.linux-arm64-musl"]
checksum = "sha256:57a4e072b6b74a4dd0036b7b253e056bdb70e02c68504ca6f2bfca2707d03fb6"
url = "https://github.com/astral-sh/ruff/releases/download/0.16.8/ruff-aarch64-unknown-linux-musl.tar.gz"
url_api = "https://api.github.com/repos/astral-sh/ruff/releases/assets/568294370"
provenance = "github-attestations"

[tools.ruff."platforms.linux-x64"]
checksum = "sha256:c4a8c7c152532bcb7e7ede4bd6ccd440dcacddffcdcdd79b90090ac6021f41c2"
url = "https://github.com/astral-sh/ruff/releases/download/0.16.8/ruff-x86_64-unknown-linux-gnu.tar.gz"
url_api = "https://api.github.com/repos/astral-sh/ruff/releases/assets/568294510"
provenance = "github-attestations"

[tools.ruff."platforms.linux-x64-musl"]
checksum = "sha256:e56aa612121de356f37d05f3284cd806081fb72d5dbd4814b3810c5a23c562cc"
url = "https://github.com/astral-sh/ruff/releases/download/0.16.8/ruff-x86_64-unknown-linux-musl.tar.gz"
url_api = "https://api.github.com/repos/astral-sh/ruff/releases/assets/568294522"
provenance = "github-attestations"

[tools.ruff."platforms.macos-arm64"]
checksum = "sha256:0ffa53899f2970d24f14fbed8d8265c87180b159b7100794d97a1527dc60fa79"
url = "https://github.com/astral-sh/ruff/releases/download/0.16.8/ruff-aarch64-apple-darwin.tar.gz"
url_api = "https://api.github.com/repos/astral-sh/ruff/releases/assets/568294350"
provenance = "github-attestations"

[tools.ruff."platforms.macos-x64"]
checksum = "sha256:bccb4d49c5c9f7e69fd42df2475730a08a641af31b8e0ee5e775e3dd829c4686"
url = "https://github.com/astral-sh/ruff/releases/download/0.16.8/ruff-x86_64-apple-darwin.tar.gz"
url_api = "https://api.github.com/repos/astral-sh/ruff/releases/assets/568294476"
provenance = "github-attestations"

[tools.ruff."platforms.windows-x64"]
checksum = "sha256:7985e06caf14b0077cb68da41edbf812e1d9654fe4c144d72b71138e96350129"
url = "https://github.com/astral-sh/ruff/releases/download/0.16.8/ruff-x86_64-pc-windows-msvc.zip"
url_api = "https://api.github.com/repos/astral-sh/ruff/releases/assets/568294490"
provenance = "github-attestations"
