# @generated - this file is auto-generated by `mise lock` https://mise.jdx.dev/dev-tools/mise-lock.html

lockfile_version = 1

[[tools."aqua:astral-sh/uv"]]
version = "0.12.23"
backend = "aqua:astral-sh/uv"
specifiers = ["0.12.23"]

[tools."aqua:astral-sh/uv"."platforms.linux-arm64"]
checksum = "sha256:6524bd338177ed50d035d39354e12545e993bbeba2ecbddf0480c5b3a81d313f"
url = "https://github.com/astral-sh/uv/releases/download/0.12.23/uv-aarch64-unknown-linux-gnu.tar.gz"
url_api = "https://api.github.com/repos/astral-sh/uv/releases/assets/608232491"
provenance = "github-attestations"

[tools."aqua:astral-sh/uv"."platforms.linux-arm64-musl"]
checksum = "sha256:b536543cc4d50661986b165c76ee8aa9056e4fa332edcd153ff2e98760f9359b"
url = "https://github.com/astral-sh/uv/releases/download/0.12.23/uv-aarch64-unknown-linux-musl.tar.gz"
url_api = "https://api.github.com/repos/astral-sh/uv/releases/assets/608232500"
provenance = "github-attestations"

[tools."aqua:astral-sh/uv"."platforms.linux-x64"]
checksum = "sha256:9167d72b3319674b6303c4cbe071854bba13ebdf3d76b1a7cbdc175471fb66d6"
url = "https://github.com/astral-sh/uv/releases/download/0.12.23/uv-x86_64-unknown-linux-gnu.tar.gz"
url_api = "https://api.github.com/repos/astral-sh/uv/releases/assets/608232628"
provenance = "github-attestations"

[tools."aqua:astral-sh/uv"."platforms.linux-x64-musl"]
checksum = "sha256:1cff8783850e794470aadb73f54b749542a511fc57b0ce6468b64bd3852e0ade"
url = "https://github.com/astral-sh/uv/releases/download/0.12.23/uv-x86_64-unknown-linux-musl.tar.gz"
url_api = "https://api.github.com/repos/astral-sh/uv/releases/assets/608232639"
provenance = "github-attestations"

[tools."aqua:astral-sh/uv"."platforms.macos-arm64"]
checksum = "sha256:50487ae565ccd96e499056b4674d438f4c53170202617b4c759defe0c6a1b544"
url = "https://github.com/astral-sh/uv/releases/download/0.12.23/uv-aarch64-apple-darwin.tar.gz"
url_api = "https://api.github.com/repos/astral-sh/uv/releases/assets/608232483"
provenance = "github-attestations"

[tools."aqua:astral-sh/uv"."platforms.macos-x64"]
checksum = "sha256:960da44cb4b73685206ddd250b19e0a117fa41095710c1038f081f5cb613efb4"
url = "https://github.com/astral-sh/uv/releases/download/0.12.23/uv-x86_64-apple-darwin.tar.gz"
url_api = "https://api.github.com/repos/astral-sh/uv/releases/assets/608232607"
provenance = "github-attestations"

[tools."aqua:astral-sh/uv"."platforms.windows-x64"]
checksum = "sha256:75d05de6762778c31ee183398de7dd15093fad0ed90b1f236d8205ea5ec00c90"
url = "https://github.com/astral-sh/uv/releases/download/0.12.23/uv-x86_64-pc-windows-msvc.zip"
url_api = "https://api.github.com/repos/astral-sh/uv/releases/assets/608232617"
provenance = "github-attestations"

[[tools."aqua:dprint/dprint"]]
version = "0.61.1"
backend = "aqua:dprint/dprint"
specifiers = ["0.61.1"]

[tools."aqua:dprint/dprint"."platforms.linux-arm64"]
checksum = "sha256:6585c1a475e995cbd3729e039579c6fef9f28202c3b94bf252ab04f8f4177876"
url = "https://github.com/dprint/dprint/releases/download/0.61.1/dprint-aarch64-unknown-linux-gnu.zip"
url_api = "https://api.github.com/repos/dprint/dprint/releases/assets/619786296"
provenance = "github-attestations"

[tools."aqua:dprint/dprint"."platforms.linux-arm64-musl"]
checksum = "sha256:d0658fcc2887fe8ba396f6ef0fec28c97a6d59558835b7b82e573ea923c53b25"
url = "https://github.com/dprint/dprint/releases/download/0.61.1/dprint-aarch64-unknown-linux-musl.zip"
url_api = "https://api.github.com/repos/dprint/dprint/releases/assets/619786288"
provenance = "github-attestations"

[tools."aqua:dprint/dprint"."platforms.linux-x64"]
checksum = "sha256:c33d901d2f5b81af680bce50902e7193e6c169f4f2dd6e1d41d3c5a96d70ecb4"
url = "https://github.com/dprint/dprint/releases/download/0.61.1/dprint-x86_64-unknown-linux-gnu.zip"
url_api = "https://api.github.com/repos/dprint/dprint/releases/assets/619786291"
provenance = "github-attestations"

[tools."aqua:dprint/dprint"."platforms.linux-x64-musl"]
checksum = "sha256:b85ad46a2e8e686b4ff1ff1dc1f0a0f947e766df5afb08ce367cb0d152dff616"
url = "https://github.com/dprint/dprint/releases/download/0.61.1/dprint-x86_64-unknown-linux-musl.zip"
url_api = "https://api.github.com/repos/dprint/dprint/releases/assets/619786294"
provenance = "github-attestations"

[tools."aqua:dprint/dprint"."platforms.macos-arm64"]
checksum = "sha256:3fbf19db032dea2e8eb6e52eebbc8c328954a46d52ffd97d99a95b9c9b81414f"
url = "https://github.com/dprint/dprint/releases/download/0.61.1/dprint-aarch64-apple-darwin.zip"
url_api = "https://api.github.com/repos/dprint/dprint/releases/assets/619786284"
provenance = "github-attestations"

[tools."aqua:dprint/dprint"."platforms.macos-x64"]
checksum = "sha256:9b38610df23417c5cce6daa7d9fb43d9960a5f859fa91cbe7c12f11198074900"
url = "https://github.com/dprint/dprint/releases/download/0.61.1/dprint-x86_64-apple-darwin.zip"
url_api = "https://api.github.com/repos/dprint/dprint/releases/assets/619786293"
provenance = "github-attestations"

[tools."aqua:dprint/dprint"."platforms.windows-x64"]
checksum = "sha256:f259df6beed31a7242a613cf1ff948637ca17d1b385f8effa2cfbf6a056ff84c"
url = "https://github.com/dprint/dprint/releases/download/0.61.1/dprint-x86_64-pc-windows-msvc.zip"
url_api = "https://api.github.com/repos/dprint/dprint/releases/assets/619786297"
provenance = "github-attestations"

[[tools."aqua:jdx/hk"]]
version = "2.5.0"
backend = "aqua:jdx/hk"
specifiers = ["2.5.0"]

[tools."aqua:jdx/hk"."platforms.linux-arm64"]
checksum = "sha256:c800091c414e1c8e8628137275d88c257bcfe0c35dd31d2762923a71dae7df7f"
url = "https://github.com/jdx/hk/releases/download/v2.5.0/hk-aarch64-unknown-linux-gnu.tar.gz"
url_api = "https://api.github.com/repos/jdx/hk/releases/assets/609776357"

[tools."aqua:jdx/hk"."platforms.linux-arm64-musl"]
checksum = "sha256:c800091c414e1c8e8628137275d88c257bcfe0c35dd31d2762923a71dae7df7f"
url = "https://github.com/jdx/hk/releases/download/v2.5.0/hk-aarch64-unknown-linux-gnu.tar.gz"
url_api = "https://api.github.com/repos/jdx/hk/releases/assets/609776357"

[tools."aqua:jdx/hk"."platforms.linux-x64"]
checksum = "sha256:449b83c35ac3a460f80a4c9a41ad99430add8cf6caa6ceadc27e810feac3647d"
url = "https://github.com/jdx/hk/releases/download/v2.5.0/hk-x86_64-unknown-linux-gnu.tar.gz"
url_api = "https://api.github.com/repos/jdx/hk/releases/assets/609776378"

[tools."aqua:jdx/hk"."platforms.linux-x64-musl"]
checksum = "sha256:449b83c35ac3a460f80a4c9a41ad99430add8cf6caa6ceadc27e810feac3647d"
url = "https://github.com/jdx/hk/releases/download/v2.5.0/hk-x86_64-unknown-linux-gnu.tar.gz"
url_api = "https://api.github.com/repos/jdx/hk/releases/assets/609776378"

[tools."aqua:jdx/hk"."platforms.macos-arm64"]
checksum = "sha256:fabbed3a44e72c601759fa81d56f3c9403ca466853bdf77e87cc69d986cb151a"
url = "https://github.com/jdx/hk/releases/download/v2.5.0/hk-aarch64-apple-darwin.tar.gz"
url_api = "https://api.github.com/repos/jdx/hk/releases/assets/609776358"

[tools."aqua:jdx/hk"."platforms.windows-x64"]
checksum = "sha256:9d3063f0eadb316415dc2aaea51608f436eb6ffe44e00c2e460294c66f269a54"
url = "https://github.com/jdx/hk/releases/download/v2.5.0/hk-x86_64-pc-windows-msvc.zip"
url_api = "https://api.github.com/repos/jdx/hk/releases/assets/609776356"

[[tools."github:convco/convco"]]
version = "0.7.2"
backend = "github:convco/convco"
specifiers = ["0.7.2"]

[tools."github:convco/convco"."platforms.linux-arm64"]
checksum = "sha256:7a4523573a81d24f37aa4d22aa26d8a3083188422213efe0274a7fbbd840c741"
url = "https://github.com/convco/convco/releases/download/v0.7.2/convco-aarch64-unknown-linux-musl.tar.gz"
url_api = "https://api.github.com/repos/convco/convco/releases/assets/543270771"

[tools."github:convco/convco"."platforms.linux-arm64-musl"]
checksum = "sha256:7a4523573a81d24f37aa4d22aa26d8a3083188422213efe0274a7fbbd840c741"
url = "https://github.com/convco/convco/releases/download/v0.7.2/convco-aarch64-unknown-linux-musl.tar.gz"
url_api = "https://api.github.com/repos/convco/convco/releases/assets/543270771"

[tools."github:convco/convco"."platforms.linux-x64"]
checksum = "sha256:f9cfad24af372018f4b8d430cf86d1b7b9b36fcb7e1db5dd30c54b2eed7dde75"
url = "https://github.com/convco/convco/releases/download/v0.7.2/convco-x86_64-unknown-linux-musl.tar.gz"
url_api = "https://api.github.com/repos/convco/convco/releases/assets/543270814"

[tools."github:convco/convco"."platforms.linux-x64-musl"]
checksum = "sha256:f9cfad24af372018f4b8d430cf86d1b7b9b36fcb7e1db5dd30c54b2eed7dde75"
url = "https://github.com/convco/convco/releases/download/v0.7.2/convco-x86_64-unknown-linux-musl.tar.gz"
url_api = "https://api.github.com/repos/convco/convco/releases/assets/543270814"

[tools."github:convco/convco"."platforms.macos-arm64"]
checksum = "sha256:cbf86082b5c87254afc333a5353c4b359f09b83488c9250a161cf1caae811884"
url = "https://github.com/convco/convco/releases/download/v0.7.2/convco-aarch64-apple-darwin.tar.gz"
url_api = "https://api.github.com/repos/convco/convco/releases/assets/543270776"

[tools."github:convco/convco"."platforms.windows-x64"]
checksum = "sha256:a565c9211a589285621f4167dd6eabf36c4093c9acc11d5488758e93c135f69a"
url = "https://github.com/convco/convco/releases/download/v0.7.2/convco-x86_64-pc-windows-msvc.tar.gz"
url_api = "https://api.github.com/repos/convco/convco/releases/assets/543270801"

[[tools.node]]
version = "24.21.0"
backend = "core:node"
specifiers = ["24.21.0"]

[tools.node."platforms.linux-arm64"]
checksum = "sha256:724282c3b43aec998aa9527380465b45d229e021b58035f5f4f63095eabfe5d5"
url = "https://nodejs.org/dist/v24.21.0/node-v24.21.0-linux-arm64.tar.gz"

[tools.node."platforms.linux-arm64-musl"]
checksum = "sha256:3048b0811e158ca0d8672b59c839861763e144492980d8d29b369dfee45747e4"
url = "https://unofficial-builds.nodejs.org/download/release/v24.21.0/node-v24.21.0-linux-arm64-musl.tar.gz"

[tools.node."platforms.linux-x64"]
checksum = "sha256:6e1db87ef58b8819e5d5402eff1536491b18edd8eb7bee5ef7897876e88dc5ff"
url = "https://nodejs.org/dist/v24.21.0/node-v24.21.0-linux-x64.tar.gz"

[tools.node."platforms.linux-x64-musl"]
checksum = "sha256:01a713e34da98e7b4d2a3191ee7ca3f93dd0384d1a2ef23c379b2161ee6e133a"
url = "https://unofficial-builds.nodejs.org/download/release/v24.21.0/node-v24.21.0-linux-x64-musl.tar.gz"

[tools.node."platforms.macos-arm64"]
checksum = "sha256:bed7eea5325e1108f32ce5228ddd6a5f0f08a499ee42aa7442aea583702f6057"
url = "https://nodejs.org/dist/v24.21.0/node-v24.21.0-darwin-arm64.tar.gz"

[tools.node."platforms.macos-x64"]
checksum = "sha256:1462cb3b3046b815cf8ea436d3da450ec1a9f11dac7e5a46b0ada5305d7e8097"
url = "https://nodejs.org/dist/v24.21.0/node-v24.21.0-darwin-x64.tar.gz"

[tools.node."platforms.windows-x64"]
checksum = "sha256:158f7685b44de51f6c0df1d153526cbcd3e1bc739a8dfc607721cef75de9e541"
url = "https://nodejs.org/dist/v24.21.0/node-v24.21.0-win-x64.zip"

[[tools.python]]
version = "3.14.8"
backend = "core:python"
specifiers = ["3.14.8"]

[tools.python."platforms.linux-arm64"]
checksum = "sha256:ece2bf3d4b47c80c2403c5f32fa51a9458abaee93c10def8acafb5f45163e77d"
url = "https://github.com/astral-sh/python-build-standalone/releases/download/20261003/cpython-3.14.8+20261003-aarch64-unknown-linux-gnu-install_only_stripped.tar.gz"
provenance = "github-attestations"

[tools.python."platforms.linux-arm64-musl"]
checksum = "sha256:03267c0737a0a54572024a935579ffce26ebb5ba8a5089645ddae29d97ac6312"
url = "https://github.com/astral-sh/python-build-standalone/releases/download/20261003/cpython-3.14.8+20261003-aarch64-unknown-linux-musl-install_only_stripped.tar.gz"
provenance = "github-attestations"

[tools.python."platforms.linux-x64"]
checksum = "sha256:d9ec7a6935ade8b671a57ebaf111083d7314eab8dae5071d167054dadd2b97d6"
url = "https://github.com/astral-sh/python-build-standalone/releases/download/20261003/cpython-3.14.8+20261003-x86_64-unknown-linux-gnu-install_only_stripped.tar.gz"
provenance = "github-attestations"

[tools.python."platforms.linux-x64-musl"]
checksum = "sha256:c1a91a426d70208a478c1b73c1348955a702de2da0308de89672c1f3972eaa70"
url = "https://github.com/astral-sh/python-build-standalone/releases/download/20261003/cpython-3.14.8+20261003-x86_64-unknown-linux-musl-install_only_stripped.tar.gz"
provenance = "github-attestations"

[tools.python."platforms.macos-arm64"]
checksum = "sha256:ed14e9042f36c0aa18383f5d9729bcbf17847e842666a793b5a5a5d8505c0ca1"
url = "https://github.com/astral-sh/python-build-standalone/releases/download/20261003/cpython-3.14.8+20261003-aarch64-apple-darwin-install_only_stripped.tar.gz"
provenance = "github-attestations"

[tools.python."platforms.macos-x64"]
checksum = "sha256:08310045a2611bad730d7c1a01e847a1ea729d9dcfe29110ca67cbdf3998bb54"
url = "https://github.com/astral-sh/python-build-standalone/releases/download/20261003/cpython-3.14.8+20261003-x86_64-apple-darwin-install_only_stripped.tar.gz"
provenance = "github-attestations"

[tools.python."platforms.windows-x64"]
checksum = "sha256:10e5705e44938ee78de35c62b30fdfe2945b53438343d04c0f53548cdd8e91b6"
url = "https://github.com/astral-sh/python-build-standalone/releases/download/20261003/cpython-3.14.8+20261003-x86_64-pc-windows-msvc-install_only_stripped.tar.gz"
provenance = "github-attestations"

[[tools.ruff]]
version = "0.16.10"
backend = "aqua:astral-sh/ruff"
specifiers = ["0.16.10"]

[tools.ruff."platforms.linux-arm64"]
checksum = "sha256:dc0d74de837ef0a7bcc62ce98c48a622b075d057161f13b958be2934becd55a6"
url = "https://github.com/astral-sh/ruff/releases/download/0.16.10/ruff-aarch64-unknown-linux-gnu.tar.gz"
url_api = "https://api.github.com/repos/astral-sh/ruff/releases/assets/603826868"
provenance = "github-attestations"

[tools.ruff."platforms.linux-arm64-musl"]
checksum = "sha256:38ebc0ec3e0de538d1c399729ca04e124749211d66aa134c24ad0c1f09a935b9"
url = "https://github.com/astral-sh/ruff/releases/download/0.16.10/ruff-aarch64-unknown-linux-musl.tar.gz"
url_api = "https://api.github.com/repos/astral-sh/ruff/releases/assets/603826873"
provenance = "github-attestations"

[tools.ruff."platforms.linux-x64"]
checksum = "sha256:9567ff1201e2fb3da31ff04c35587d768c66d6cb42dfa84de474e2bfe360b608"
url = "https://github.com/astral-sh/ruff/releases/download/0.16.10/ruff-x86_64-unknown-linux-gnu.tar.gz"
url_api = "https://api.github.com/repos/astral-sh/ruff/releases/assets/603827060"
provenance = "github-attestations"

[tools.ruff."platforms.linux-x64-musl"]
checksum = "sha256:ad1b2138407a0c53b936524df99d87211333f7bc40478d6860f42994597f7ff0"
url = "https://github.com/astral-sh/ruff/releases/download/0.16.10/ruff-x86_64-unknown-linux-musl.tar.gz"
url_api = "https://api.github.com/repos/astral-sh/ruff/releases/assets/603827079"
provenance = "github-attestations"

[tools.ruff."platforms.macos-arm64"]
checksum = "sha256:f051cd306de2691262a0574f8857cd1f4d6bfcd448084ea23d61b9c1c37df510"
url = "https://github.com/astral-sh/ruff/releases/download/0.16.10/ruff-aarch64-apple-darwin.tar.gz"
url_api = "https://api.github.com/repos/astral-sh/ruff/releases/assets/603826852"
provenance = "github-attestations"

[tools.ruff."platforms.macos-x64"]
checksum = "sha256:ace641df42926e962cf04bc52c79eb6c50ba1ae6a17b602f081960616ecc1bd1"
url = "https://github.com/astral-sh/ruff/releases/download/0.16.10/ruff-x86_64-apple-darwin.tar.gz"
url_api = "https://api.github.com/repos/astral-sh/ruff/releases/assets/603827024"
provenance = "github-attestations"

[tools.ruff."platforms.windows-x64"]
checksum = "sha256:6b90457fbd249923db196044d5f3c26e4f7cefacc769c26fd52520fa033f736e"
url = "https://github.com/astral-sh/ruff/releases/download/0.16.10/ruff-x86_64-pc-windows-msvc.zip"
url_api = "https://api.github.com/repos/astral-sh/ruff/releases/assets/603827051"
provenance = "github-attestations"
